<?xml version="1.0" encoding="utf-8"?>
<Project ToolsVersion="17.0" xmlns="http://schemas.microsoft.com/developer/msbuild/2003">
  <ItemGroup>
    <CustomBuild Include="C:\kodi-build-wp\CMakeFiles\93c4b4ceed7f53b9a2144ae261ef6765\flatbuffers-mkdir.rule">
      <Filter>CMake Rules</Filter>
    </CustomBuild>
    <CustomBuild Include="C:\kodi-build-wp\CMakeFiles\93c4b4ceed7f53b9a2144ae261ef6765\flatbuffers-download.rule">
      <Filter>CMake Rules</Filter>
    </CustomBuild>
    <CustomBuild Include="C:\kodi-build-wp\CMakeFiles\93c4b4ceed7f53b9a2144ae261ef6765\flatbuffers-update.rule">
      <Filter>CMake Rules</Filter>
    </CustomBuild>
    <CustomBuild Include="C:\kodi-build-wp\CMakeFiles\93c4b4ceed7f53b9a2144ae261ef6765\flatbuffers-patch.rule">
      <Filter>CMake Rules</Filter>
    </CustomBuild>
    <CustomBuild Include="C:\kodi-build-wp\CMakeFiles\93c4b4ceed7f53b9a2144ae261ef6765\flatbuffers-configure.rule">
      <Filter>CMake Rules</Filter>
    </CustomBuild>
    <CustomBuild Include="C:\kodi-build-wp\CMakeFiles\93c4b4ceed7f53b9a2144ae261ef6765\flatbuffers-build.rule">
      <Filter>CMake Rules</Filter>
    </CustomBuild>
    <CustomBuild Include="C:\kodi-build-wp\CMakeFiles\93c4b4ceed7f53b9a2144ae261ef6765\flatbuffers-install.rule">
      <Filter>CMake Rules</Filter>
    </CustomBuild>
    <CustomBuild Include="C:\kodi-build-wp\CMakeFiles\daa2b9388ea02eb65b0546974eb077a4\flatbuffers-complete.rule">
      <Filter>CMake Rules</Filter>
    </CustomBuild>
    <CustomBuild Include="C:\kodi-build-wp\CMakeFiles\8dd12047556b47b826235f7a595b5904\flatbuffers.rule">
      <Filter>CMake Rules</Filter>
    </CustomBuild>
    <CustomBuild Include="C:\kodi\CMakeLists.txt" />
  </ItemGroup>
  <ItemGroup>
    <None Include="C:\kodi-build-wp\CMakeFiles\flatbuffers" />
  </ItemGroup>
  <ItemGroup>
    <Filter Include="CMake Rules">
      <UniqueIdentifier>{B43CD052-A5F7-3415-B01A-6FE8CB1267E7}</UniqueIdentifier>
    </Filter>
  </ItemGroup>
</Project>
