
Microsoft Visual Studio Solution File, Format Version 12.00
# Visual Studio Version 17
Project("{2150E333-8FDC-42A3-9474-1A3956D46DE8}") = "Build Utilities", "Build Utilities", "{8109F5FE-DB84-3CCC-ADA5-C1D759D7957A}"
EndProject
Project("{2150E333-8FDC-42A3-9474-1A3956D46DE8}") = "CMakePredefinedTargets", "CMakePredefinedTargets", "{10E556AA-18F8-347C-852F-4293F6FD0328}"
EndProject
Project("{2150E333-8FDC-42A3-9474-1A3956D46DE8}") = "External Projects", "External Projects", "{59231D22-7DDD-35EB-9A33-05DB00BCD7A0}"
EndProject
Project("{2150E333-8FDC-42A3-9474-1A3956D46DE8}") = "Generated Messages", "Generated Messages", "{AB761217-CD2D-36E1-9775-401DAD8C43FE}"
EndProject
Project("{2150E333-8FDC-42A3-9474-1A3956D46DE8}") = "lib", "lib", "{18B49A39-0C6E-3290-B502-BEC50AE143A3}"
EndProject
Project("{8BC9CEB8-8B4A-11D0-8D11-00A0C91BC942}") = "kodi", "kodi.vcxproj", "{616F3647-2E5F-3532-9E6F-9900F2B5E4DA}"
	ProjectSection(ProjectDependencies) = postProject
		{172F5007-1FB0-3569-914C-9331B6055149} = {172F5007-1FB0-3569-914C-9331B6055149}
		{29BDA24A-F1B5-38BB-8622-A0406CF1A39C} = {29BDA24A-F1B5-38BB-8622-A0406CF1A39C}
		{889E753F-62DC-3E8F-B306-7DE8AA559382} = {889E753F-62DC-3E8F-B306-7DE8AA559382}
		{1399EFB4-11B4-3CE5-A3E4-23EE534074F3} = {1399EFB4-11B4-3CE5-A3E4-23EE534074F3}
		{0707E1F7-8E7C-37E4-A7AE-4780050C5318} = {0707E1F7-8E7C-37E4-A7AE-4780050C5318}
		{2EFD459B-B130-3940-BF3B-AC31B1967797} = {2EFD459B-B130-3940-BF3B-AC31B1967797}
		{422B815C-EE4D-3BF7-AF7D-02BCE7F263FA} = {422B815C-EE4D-3BF7-AF7D-02BCE7F263FA}
		{C4F633D1-11E1-359D-AD36-0D8874F5188A} = {C4F633D1-11E1-359D-AD36-0D8874F5188A}
		{8231F823-D6B1-3932-A064-734D8947A628} = {8231F823-D6B1-3932-A064-734D8947A628}
	EndProjectSection
EndProject
Project("{8BC9CEB8-8B4A-11D0-8D11-00A0C91BC942}") = "ALL_BUILD", "ALL_BUILD.vcxproj", "{09978A48-0EEB-381F-8BCA-0E7D98AC555D}"
	ProjectSection(ProjectDependencies) = postProject
		{172F5007-1FB0-3569-914C-9331B6055149} = {172F5007-1FB0-3569-914C-9331B6055149}
		{0160DD46-505F-3421-A7A3-54FEBAD367B0} = {0160DD46-505F-3421-A7A3-54FEBAD367B0}
		{38E4FEE4-6C88-3DE3-9568-B38611843EB0} = {38E4FEE4-6C88-3DE3-9568-B38611843EB0}
		{29BDA24A-F1B5-38BB-8622-A0406CF1A39C} = {29BDA24A-F1B5-38BB-8622-A0406CF1A39C}
		{889E753F-62DC-3E8F-B306-7DE8AA559382} = {889E753F-62DC-3E8F-B306-7DE8AA559382}
		{6A87535D-A5C8-37D4-BFDA-822C52D2646C} = {6A87535D-A5C8-37D4-BFDA-822C52D2646C}
		{F0920087-4E49-3B86-9A11-1B2733F7E188} = {F0920087-4E49-3B86-9A11-1B2733F7E188}
		{8C98FCF2-AA59-30F9-984D-15FBA94309D4} = {8C98FCF2-AA59-30F9-984D-15FBA94309D4}
		{47E96B86-1708-3F1F-A41D-8510AADEB8B9} = {47E96B86-1708-3F1F-A41D-8510AADEB8B9}
		{616F3647-2E5F-3532-9E6F-9900F2B5E4DA} = {616F3647-2E5F-3532-9E6F-9900F2B5E4DA}
		{9D4F6D02-3EF6-3522-BF57-F353DA1C86EE} = {9D4F6D02-3EF6-3522-BF57-F353DA1C86EE}
		{3D4A57C7-DEF8-3084-B186-101104489DE3} = {3D4A57C7-DEF8-3084-B186-101104489DE3}
		{D023FEF0-2527-3239-BF10-E6FE55D42964} = {D023FEF0-2527-3239-BF10-E6FE55D42964}
		{0707E1F7-8E7C-37E4-A7AE-4780050C5318} = {0707E1F7-8E7C-37E4-A7AE-4780050C5318}
		{2EFD459B-B130-3940-BF3B-AC31B1967797} = {2EFD459B-B130-3940-BF3B-AC31B1967797}
		{422B815C-EE4D-3BF7-AF7D-02BCE7F263FA} = {422B815C-EE4D-3BF7-AF7D-02BCE7F263FA}
		{CBFBBE03-6D5D-3BFB-96AF-83448DF8370B} = {CBFBBE03-6D5D-3BFB-96AF-83448DF8370B}
		{C4F633D1-11E1-359D-AD36-0D8874F5188A} = {C4F633D1-11E1-359D-AD36-0D8874F5188A}
		{7DC94DCD-16FD-3579-8C46-4604FD402ED1} = {7DC94DCD-16FD-3579-8C46-4604FD402ED1}
		{601534E8-E91E-3B54-BD71-A9824CE1725D} = {601534E8-E91E-3B54-BD71-A9824CE1725D}
		{8231F823-D6B1-3932-A064-734D8947A628} = {8231F823-D6B1-3932-A064-734D8947A628}
	EndProjectSection
EndProject
Project("{8BC9CEB8-8B4A-11D0-8D11-00A0C91BC942}") = "ZERO_CHECK", "ZERO_CHECK.vcxproj", "{172F5007-1FB0-3569-914C-9331B6055149}"
	ProjectSection(ProjectDependencies) = postProject
	EndProjectSection
EndProject
Project("{8BC9CEB8-8B4A-11D0-8D11-00A0C91BC942}") = "compileinfo", "compileinfo.vcxproj", "{0160DD46-505F-3421-A7A3-54FEBAD367B0}"
	ProjectSection(ProjectDependencies) = postProject
		{172F5007-1FB0-3569-914C-9331B6055149} = {172F5007-1FB0-3569-914C-9331B6055149}
		{889E753F-62DC-3E8F-B306-7DE8AA559382} = {889E753F-62DC-3E8F-B306-7DE8AA559382}
		{F0920087-4E49-3B86-9A11-1B2733F7E188} = {F0920087-4E49-3B86-9A11-1B2733F7E188}
	EndProjectSection
EndProject
Project("{8BC9CEB8-8B4A-11D0-8D11-00A0C91BC942}") = "crossguid", "crossguid.vcxproj", "{38E4FEE4-6C88-3DE3-9568-B38611843EB0}"
	ProjectSection(ProjectDependencies) = postProject
		{172F5007-1FB0-3569-914C-9331B6055149} = {172F5007-1FB0-3569-914C-9331B6055149}
	EndProjectSection
EndProject
Project("{8BC9CEB8-8B4A-11D0-8D11-00A0C91BC942}") = "doc", "doc.vcxproj", "{98039042-7175-3292-A964-A7943A68F5E5}"
	ProjectSection(ProjectDependencies) = postProject
		{172F5007-1FB0-3569-914C-9331B6055149} = {172F5007-1FB0-3569-914C-9331B6055149}
	EndProjectSection
EndProject
Project("{8BC9CEB8-8B4A-11D0-8D11-00A0C91BC942}") = "effects11", "build\Effects11\effects11.vcxproj", "{29BDA24A-F1B5-38BB-8622-A0406CF1A39C}"
	ProjectSection(ProjectDependencies) = postProject
		{172F5007-1FB0-3569-914C-9331B6055149} = {172F5007-1FB0-3569-914C-9331B6055149}
	EndProjectSection
EndProject
Project("{8BC9CEB8-8B4A-11D0-8D11-00A0C91BC942}") = "export-files", "export-files.vcxproj", "{889E753F-62DC-3E8F-B306-7DE8AA559382}"
	ProjectSection(ProjectDependencies) = postProject
		{172F5007-1FB0-3569-914C-9331B6055149} = {172F5007-1FB0-3569-914C-9331B6055149}
		{9D4F6D02-3EF6-3522-BF57-F353DA1C86EE} = {9D4F6D02-3EF6-3522-BF57-F353DA1C86EE}
		{3D4A57C7-DEF8-3084-B186-101104489DE3} = {3D4A57C7-DEF8-3084-B186-101104489DE3}
		{D023FEF0-2527-3239-BF10-E6FE55D42964} = {D023FEF0-2527-3239-BF10-E6FE55D42964}
	EndProjectSection
EndProject
Project("{8BC9CEB8-8B4A-11D0-8D11-00A0C91BC942}") = "flatbuffers", "flatbuffers.vcxproj", "{6A87535D-A5C8-37D4-BFDA-822C52D2646C}"
	ProjectSection(ProjectDependencies) = postProject
		{172F5007-1FB0-3569-914C-9331B6055149} = {172F5007-1FB0-3569-914C-9331B6055149}
	EndProjectSection
EndProject
Project("{8BC9CEB8-8B4A-11D0-8D11-00A0C91BC942}") = "fmt", "fmt.vcxproj", "{F0920087-4E49-3B86-9A11-1B2733F7E188}"
	ProjectSection(ProjectDependencies) = postProject
		{172F5007-1FB0-3569-914C-9331B6055149} = {172F5007-1FB0-3569-914C-9331B6055149}
	EndProjectSection
EndProject
Project("{8BC9CEB8-8B4A-11D0-8D11-00A0C91BC942}") = "generate_json_header", "build\interfaces\json-rpc\schema\generate_json_header.vcxproj", "{8C98FCF2-AA59-30F9-984D-15FBA94309D4}"
	ProjectSection(ProjectDependencies) = postProject
		{172F5007-1FB0-3569-914C-9331B6055149} = {172F5007-1FB0-3569-914C-9331B6055149}
	EndProjectSection
EndProject
Project("{8BC9CEB8-8B4A-11D0-8D11-00A0C91BC942}") = "generate_shaders", "build\guilib\generate_shaders.vcxproj", "{47E96B86-1708-3F1F-A41D-8510AADEB8B9}"
	ProjectSection(ProjectDependencies) = postProject
		{172F5007-1FB0-3569-914C-9331B6055149} = {172F5007-1FB0-3569-914C-9331B6055149}
	EndProjectSection
EndProject
Project("{8BC9CEB8-8B4A-11D0-8D11-00A0C91BC942}") = "kodi-libraries", "kodi-libraries.vcxproj", "{1399EFB4-11B4-3CE5-A3E4-23EE534074F3}"
	ProjectSection(ProjectDependencies) = postProject
		{172F5007-1FB0-3569-914C-9331B6055149} = {172F5007-1FB0-3569-914C-9331B6055149}
	EndProjectSection
EndProject
Project("{8BC9CEB8-8B4A-11D0-8D11-00A0C91BC942}") = "libdvdcss", "libdvdcss.vcxproj", "{9D4F6D02-3EF6-3522-BF57-F353DA1C86EE}"
	ProjectSection(ProjectDependencies) = postProject
		{172F5007-1FB0-3569-914C-9331B6055149} = {172F5007-1FB0-3569-914C-9331B6055149}
	EndProjectSection
EndProject
Project("{8BC9CEB8-8B4A-11D0-8D11-00A0C91BC942}") = "libdvdnav", "libdvdnav.vcxproj", "{3D4A57C7-DEF8-3084-B186-101104489DE3}"
	ProjectSection(ProjectDependencies) = postProject
		{172F5007-1FB0-3569-914C-9331B6055149} = {172F5007-1FB0-3569-914C-9331B6055149}
		{9D4F6D02-3EF6-3522-BF57-F353DA1C86EE} = {9D4F6D02-3EF6-3522-BF57-F353DA1C86EE}
		{D023FEF0-2527-3239-BF10-E6FE55D42964} = {D023FEF0-2527-3239-BF10-E6FE55D42964}
	EndProjectSection
EndProject
Project("{8BC9CEB8-8B4A-11D0-8D11-00A0C91BC942}") = "libdvdread", "libdvdread.vcxproj", "{D023FEF0-2527-3239-BF10-E6FE55D42964}"
	ProjectSection(ProjectDependencies) = postProject
		{172F5007-1FB0-3569-914C-9331B6055149} = {172F5007-1FB0-3569-914C-9331B6055149}
		{9D4F6D02-3EF6-3522-BF57-F353DA1C86EE} = {9D4F6D02-3EF6-3522-BF57-F353DA1C86EE}
	EndProjectSection
EndProject
Project("{8BC9CEB8-8B4A-11D0-8D11-00A0C91BC942}") = "libkodi", "libkodi.vcxproj", "{0707E1F7-8E7C-37E4-A7AE-4780050C5318}"
	ProjectSection(ProjectDependencies) = postProject
		{172F5007-1FB0-3569-914C-9331B6055149} = {172F5007-1FB0-3569-914C-9331B6055149}
		{0160DD46-505F-3421-A7A3-54FEBAD367B0} = {0160DD46-505F-3421-A7A3-54FEBAD367B0}
		{38E4FEE4-6C88-3DE3-9568-B38611843EB0} = {38E4FEE4-6C88-3DE3-9568-B38611843EB0}
		{29BDA24A-F1B5-38BB-8622-A0406CF1A39C} = {29BDA24A-F1B5-38BB-8622-A0406CF1A39C}
		{6A87535D-A5C8-37D4-BFDA-822C52D2646C} = {6A87535D-A5C8-37D4-BFDA-822C52D2646C}
		{8C98FCF2-AA59-30F9-984D-15FBA94309D4} = {8C98FCF2-AA59-30F9-984D-15FBA94309D4}
		{47E96B86-1708-3F1F-A41D-8510AADEB8B9} = {47E96B86-1708-3F1F-A41D-8510AADEB8B9}
		{9D4F6D02-3EF6-3522-BF57-F353DA1C86EE} = {9D4F6D02-3EF6-3522-BF57-F353DA1C86EE}
		{3D4A57C7-DEF8-3084-B186-101104489DE3} = {3D4A57C7-DEF8-3084-B186-101104489DE3}
		{D023FEF0-2527-3239-BF10-E6FE55D42964} = {D023FEF0-2527-3239-BF10-E6FE55D42964}
		{422B815C-EE4D-3BF7-AF7D-02BCE7F263FA} = {422B815C-EE4D-3BF7-AF7D-02BCE7F263FA}
		{CBFBBE03-6D5D-3BFB-96AF-83448DF8370B} = {CBFBBE03-6D5D-3BFB-96AF-83448DF8370B}
		{BAED7778-1064-3F5F-9E8B-D06C380DEC72} = {BAED7778-1064-3F5F-9E8B-D06C380DEC72}
		{7DC94DCD-16FD-3579-8C46-4604FD402ED1} = {7DC94DCD-16FD-3579-8C46-4604FD402ED1}
		{601534E8-E91E-3B54-BD71-A9824CE1725D} = {601534E8-E91E-3B54-BD71-A9824CE1725D}
		{8231F823-D6B1-3932-A064-734D8947A628} = {8231F823-D6B1-3932-A064-734D8947A628}
	EndProjectSection
EndProject
Project("{8BC9CEB8-8B4A-11D0-8D11-00A0C91BC942}") = "pack-skins", "pack-skins.vcxproj", "{2EFD459B-B130-3940-BF3B-AC31B1967797}"
	ProjectSection(ProjectDependencies) = postProject
		{172F5007-1FB0-3569-914C-9331B6055149} = {172F5007-1FB0-3569-914C-9331B6055149}
		{889E753F-62DC-3E8F-B306-7DE8AA559382} = {889E753F-62DC-3E8F-B306-7DE8AA559382}
	EndProjectSection
EndProject
Project("{8BC9CEB8-8B4A-11D0-8D11-00A0C91BC942}") = "python_binding", "build\swig\python_binding.vcxproj", "{422B815C-EE4D-3BF7-AF7D-02BCE7F263FA}"
	ProjectSection(ProjectDependencies) = postProject
		{172F5007-1FB0-3569-914C-9331B6055149} = {172F5007-1FB0-3569-914C-9331B6055149}
		{38E4FEE4-6C88-3DE3-9568-B38611843EB0} = {38E4FEE4-6C88-3DE3-9568-B38611843EB0}
		{6A87535D-A5C8-37D4-BFDA-822C52D2646C} = {6A87535D-A5C8-37D4-BFDA-822C52D2646C}
		{9D4F6D02-3EF6-3522-BF57-F353DA1C86EE} = {9D4F6D02-3EF6-3522-BF57-F353DA1C86EE}
		{3D4A57C7-DEF8-3084-B186-101104489DE3} = {3D4A57C7-DEF8-3084-B186-101104489DE3}
		{D023FEF0-2527-3239-BF10-E6FE55D42964} = {D023FEF0-2527-3239-BF10-E6FE55D42964}
		{CBFBBE03-6D5D-3BFB-96AF-83448DF8370B} = {CBFBBE03-6D5D-3BFB-96AF-83448DF8370B}
		{7DC94DCD-16FD-3579-8C46-4604FD402ED1} = {7DC94DCD-16FD-3579-8C46-4604FD402ED1}
		{601534E8-E91E-3B54-BD71-A9824CE1725D} = {601534E8-E91E-3B54-BD71-A9824CE1725D}
	EndProjectSection
EndProject
Project("{8BC9CEB8-8B4A-11D0-8D11-00A0C91BC942}") = "rapidjson", "rapidjson.vcxproj", "{CBFBBE03-6D5D-3BFB-96AF-83448DF8370B}"
	ProjectSection(ProjectDependencies) = postProject
		{172F5007-1FB0-3569-914C-9331B6055149} = {172F5007-1FB0-3569-914C-9331B6055149}
	EndProjectSection
EndProject
Project("{8BC9CEB8-8B4A-11D0-8D11-00A0C91BC942}") = "resources", "resources.vcxproj", "{C4F633D1-11E1-359D-AD36-0D8874F5188A}"
	ProjectSection(ProjectDependencies) = postProject
		{172F5007-1FB0-3569-914C-9331B6055149} = {172F5007-1FB0-3569-914C-9331B6055149}
	EndProjectSection
EndProject
Project("{8BC9CEB8-8B4A-11D0-8D11-00A0C91BC942}") = "retroplayer_messages", "build\cores\RetroPlayer\messages\retroplayer_messages.vcxproj", "{BAED7778-1064-3F5F-9E8B-D06C380DEC72}"
	ProjectSection(ProjectDependencies) = postProject
		{172F5007-1FB0-3569-914C-9331B6055149} = {172F5007-1FB0-3569-914C-9331B6055149}
		{6A87535D-A5C8-37D4-BFDA-822C52D2646C} = {6A87535D-A5C8-37D4-BFDA-822C52D2646C}
	EndProjectSection
EndProject
Project("{8BC9CEB8-8B4A-11D0-8D11-00A0C91BC942}") = "spdlog", "spdlog.vcxproj", "{7DC94DCD-16FD-3579-8C46-4604FD402ED1}"
	ProjectSection(ProjectDependencies) = postProject
		{172F5007-1FB0-3569-914C-9331B6055149} = {172F5007-1FB0-3569-914C-9331B6055149}
		{F0920087-4E49-3B86-9A11-1B2733F7E188} = {F0920087-4E49-3B86-9A11-1B2733F7E188}
	EndProjectSection
EndProject
Project("{8BC9CEB8-8B4A-11D0-8D11-00A0C91BC942}") = "taglib", "taglib.vcxproj", "{601534E8-E91E-3B54-BD71-A9824CE1725D}"
	ProjectSection(ProjectDependencies) = postProject
		{172F5007-1FB0-3569-914C-9331B6055149} = {172F5007-1FB0-3569-914C-9331B6055149}
	EndProjectSection
EndProject
Project("{8BC9CEB8-8B4A-11D0-8D11-00A0C91BC942}") = "upnp", "build\upnp\upnp.vcxproj", "{8231F823-D6B1-3932-A064-734D8947A628}"
	ProjectSection(ProjectDependencies) = postProject
		{172F5007-1FB0-3569-914C-9331B6055149} = {172F5007-1FB0-3569-914C-9331B6055149}
	EndProjectSection
EndProject
Global
	GlobalSection(SolutionConfigurationPlatforms) = preSolution
		Debug|ARM = Debug|ARM
		Release|ARM = Release|ARM
		MinSizeRel|ARM = MinSizeRel|ARM
		RelWithDebInfo|ARM = RelWithDebInfo|ARM
	EndGlobalSection
	GlobalSection(ProjectConfigurationPlatforms) = postSolution
		{616F3647-2E5F-3532-9E6F-9900F2B5E4DA}.Debug|ARM.ActiveCfg = Debug|ARM
		{616F3647-2E5F-3532-9E6F-9900F2B5E4DA}.Debug|ARM.Build.0 = Debug|ARM
		{616F3647-2E5F-3532-9E6F-9900F2B5E4DA}.Debug|ARM.Deploy.0 = Debug|ARM
		{616F3647-2E5F-3532-9E6F-9900F2B5E4DA}.Release|ARM.ActiveCfg = Release|ARM
		{616F3647-2E5F-3532-9E6F-9900F2B5E4DA}.Release|ARM.Build.0 = Release|ARM
		{616F3647-2E5F-3532-9E6F-9900F2B5E4DA}.Release|ARM.Deploy.0 = Release|ARM
		{616F3647-2E5F-3532-9E6F-9900F2B5E4DA}.MinSizeRel|ARM.ActiveCfg = MinSizeRel|ARM
		{616F3647-2E5F-3532-9E6F-9900F2B5E4DA}.MinSizeRel|ARM.Build.0 = MinSizeRel|ARM
		{616F3647-2E5F-3532-9E6F-9900F2B5E4DA}.MinSizeRel|ARM.Deploy.0 = MinSizeRel|ARM
		{616F3647-2E5F-3532-9E6F-9900F2B5E4DA}.RelWithDebInfo|ARM.ActiveCfg = RelWithDebInfo|ARM
		{616F3647-2E5F-3532-9E6F-9900F2B5E4DA}.RelWithDebInfo|ARM.Build.0 = RelWithDebInfo|ARM
		{616F3647-2E5F-3532-9E6F-9900F2B5E4DA}.RelWithDebInfo|ARM.Deploy.0 = RelWithDebInfo|ARM
		{09978A48-0EEB-381F-8BCA-0E7D98AC555D}.Debug|ARM.ActiveCfg = Debug|ARM
		{09978A48-0EEB-381F-8BCA-0E7D98AC555D}.Release|ARM.ActiveCfg = Release|ARM
		{09978A48-0EEB-381F-8BCA-0E7D98AC555D}.MinSizeRel|ARM.ActiveCfg = MinSizeRel|ARM
		{09978A48-0EEB-381F-8BCA-0E7D98AC555D}.RelWithDebInfo|ARM.ActiveCfg = RelWithDebInfo|ARM
		{172F5007-1FB0-3569-914C-9331B6055149}.Debug|ARM.ActiveCfg = Debug|ARM
		{172F5007-1FB0-3569-914C-9331B6055149}.Debug|ARM.Build.0 = Debug|ARM
		{172F5007-1FB0-3569-914C-9331B6055149}.Release|ARM.ActiveCfg = Release|ARM
		{172F5007-1FB0-3569-914C-9331B6055149}.Release|ARM.Build.0 = Release|ARM
		{172F5007-1FB0-3569-914C-9331B6055149}.MinSizeRel|ARM.ActiveCfg = MinSizeRel|ARM
		{172F5007-1FB0-3569-914C-9331B6055149}.MinSizeRel|ARM.Build.0 = MinSizeRel|ARM
		{172F5007-1FB0-3569-914C-9331B6055149}.RelWithDebInfo|ARM.ActiveCfg = RelWithDebInfo|ARM
		{172F5007-1FB0-3569-914C-9331B6055149}.RelWithDebInfo|ARM.Build.0 = RelWithDebInfo|ARM
		{0160DD46-505F-3421-A7A3-54FEBAD367B0}.Debug|ARM.ActiveCfg = Debug|ARM
		{0160DD46-505F-3421-A7A3-54FEBAD367B0}.Debug|ARM.Build.0 = Debug|ARM
		{0160DD46-505F-3421-A7A3-54FEBAD367B0}.Release|ARM.ActiveCfg = Release|ARM
		{0160DD46-505F-3421-A7A3-54FEBAD367B0}.Release|ARM.Build.0 = Release|ARM
		{0160DD46-505F-3421-A7A3-54FEBAD367B0}.MinSizeRel|ARM.ActiveCfg = MinSizeRel|ARM
		{0160DD46-505F-3421-A7A3-54FEBAD367B0}.MinSizeRel|ARM.Build.0 = MinSizeRel|ARM
		{0160DD46-505F-3421-A7A3-54FEBAD367B0}.RelWithDebInfo|ARM.ActiveCfg = RelWithDebInfo|ARM
		{0160DD46-505F-3421-A7A3-54FEBAD367B0}.RelWithDebInfo|ARM.Build.0 = RelWithDebInfo|ARM
		{38E4FEE4-6C88-3DE3-9568-B38611843EB0}.Debug|ARM.ActiveCfg = Debug|ARM
		{38E4FEE4-6C88-3DE3-9568-B38611843EB0}.Debug|ARM.Build.0 = Debug|ARM
		{38E4FEE4-6C88-3DE3-9568-B38611843EB0}.Release|ARM.ActiveCfg = Release|ARM
		{38E4FEE4-6C88-3DE3-9568-B38611843EB0}.Release|ARM.Build.0 = Release|ARM
		{38E4FEE4-6C88-3DE3-9568-B38611843EB0}.MinSizeRel|ARM.ActiveCfg = MinSizeRel|ARM
		{38E4FEE4-6C88-3DE3-9568-B38611843EB0}.MinSizeRel|ARM.Build.0 = MinSizeRel|ARM
		{38E4FEE4-6C88-3DE3-9568-B38611843EB0}.RelWithDebInfo|ARM.ActiveCfg = RelWithDebInfo|ARM
		{38E4FEE4-6C88-3DE3-9568-B38611843EB0}.RelWithDebInfo|ARM.Build.0 = RelWithDebInfo|ARM
		{98039042-7175-3292-A964-A7943A68F5E5}.Debug|ARM.ActiveCfg = Debug|ARM
		{98039042-7175-3292-A964-A7943A68F5E5}.Release|ARM.ActiveCfg = Release|ARM
		{98039042-7175-3292-A964-A7943A68F5E5}.MinSizeRel|ARM.ActiveCfg = MinSizeRel|ARM
		{98039042-7175-3292-A964-A7943A68F5E5}.RelWithDebInfo|ARM.ActiveCfg = RelWithDebInfo|ARM
		{29BDA24A-F1B5-38BB-8622-A0406CF1A39C}.Debug|ARM.ActiveCfg = Debug|ARM
		{29BDA24A-F1B5-38BB-8622-A0406CF1A39C}.Debug|ARM.Build.0 = Debug|ARM
		{29BDA24A-F1B5-38BB-8622-A0406CF1A39C}.Release|ARM.ActiveCfg = Release|ARM
		{29BDA24A-F1B5-38BB-8622-A0406CF1A39C}.Release|ARM.Build.0 = Release|ARM
		{29BDA24A-F1B5-38BB-8622-A0406CF1A39C}.MinSizeRel|ARM.ActiveCfg = MinSizeRel|ARM
		{29BDA24A-F1B5-38BB-8622-A0406CF1A39C}.MinSizeRel|ARM.Build.0 = MinSizeRel|ARM
		{29BDA24A-F1B5-38BB-8622-A0406CF1A39C}.RelWithDebInfo|ARM.ActiveCfg = RelWithDebInfo|ARM
		{29BDA24A-F1B5-38BB-8622-A0406CF1A39C}.RelWithDebInfo|ARM.Build.0 = RelWithDebInfo|ARM
		{889E753F-62DC-3E8F-B306-7DE8AA559382}.Debug|ARM.ActiveCfg = Debug|ARM
		{889E753F-62DC-3E8F-B306-7DE8AA559382}.Debug|ARM.Build.0 = Debug|ARM
		{889E753F-62DC-3E8F-B306-7DE8AA559382}.Release|ARM.ActiveCfg = Release|ARM
		{889E753F-62DC-3E8F-B306-7DE8AA559382}.Release|ARM.Build.0 = Release|ARM
		{889E753F-62DC-3E8F-B306-7DE8AA559382}.MinSizeRel|ARM.ActiveCfg = MinSizeRel|ARM
		{889E753F-62DC-3E8F-B306-7DE8AA559382}.MinSizeRel|ARM.Build.0 = MinSizeRel|ARM
		{889E753F-62DC-3E8F-B306-7DE8AA559382}.RelWithDebInfo|ARM.ActiveCfg = RelWithDebInfo|ARM
		{889E753F-62DC-3E8F-B306-7DE8AA559382}.RelWithDebInfo|ARM.Build.0 = RelWithDebInfo|ARM
		{6A87535D-A5C8-37D4-BFDA-822C52D2646C}.Debug|ARM.ActiveCfg = Debug|ARM
		{6A87535D-A5C8-37D4-BFDA-822C52D2646C}.Debug|ARM.Build.0 = Debug|ARM
		{6A87535D-A5C8-37D4-BFDA-822C52D2646C}.Release|ARM.ActiveCfg = Release|ARM
		{6A87535D-A5C8-37D4-BFDA-822C52D2646C}.Release|ARM.Build.0 = Release|ARM
		{6A87535D-A5C8-37D4-BFDA-822C52D2646C}.MinSizeRel|ARM.ActiveCfg = MinSizeRel|ARM
		{6A87535D-A5C8-37D4-BFDA-822C52D2646C}.MinSizeRel|ARM.Build.0 = MinSizeRel|ARM
		{6A87535D-A5C8-37D4-BFDA-822C52D2646C}.RelWithDebInfo|ARM.ActiveCfg = RelWithDebInfo|ARM
		{6A87535D-A5C8-37D4-BFDA-822C52D2646C}.RelWithDebInfo|ARM.Build.0 = RelWithDebInfo|ARM
		{F0920087-4E49-3B86-9A11-1B2733F7E188}.Debug|ARM.ActiveCfg = Debug|ARM
		{F0920087-4E49-3B86-9A11-1B2733F7E188}.Debug|ARM.Build.0 = Debug|ARM
		{F0920087-4E49-3B86-9A11-1B2733F7E188}.Release|ARM.ActiveCfg = Release|ARM
		{F0920087-4E49-3B86-9A11-1B2733F7E188}.Release|ARM.Build.0 = Release|ARM
		{F0920087-4E49-3B86-9A11-1B2733F7E188}.MinSizeRel|ARM.ActiveCfg = MinSizeRel|ARM
		{F0920087-4E49-3B86-9A11-1B2733F7E188}.MinSizeRel|ARM.Build.0 = MinSizeRel|ARM
		{F0920087-4E49-3B86-9A11-1B2733F7E188}.RelWithDebInfo|ARM.ActiveCfg = RelWithDebInfo|ARM
		{F0920087-4E49-3B86-9A11-1B2733F7E188}.RelWithDebInfo|ARM.Build.0 = RelWithDebInfo|ARM
		{8C98FCF2-AA59-30F9-984D-15FBA94309D4}.Debug|ARM.ActiveCfg = Debug|ARM
		{8C98FCF2-AA59-30F9-984D-15FBA94309D4}.Debug|ARM.Build.0 = Debug|ARM
		{8C98FCF2-AA59-30F9-984D-15FBA94309D4}.Release|ARM.ActiveCfg = Release|ARM
		{8C98FCF2-AA59-30F9-984D-15FBA94309D4}.Release|ARM.Build.0 = Release|ARM
		{8C98FCF2-AA59-30F9-984D-15FBA94309D4}.MinSizeRel|ARM.ActiveCfg = MinSizeRel|ARM
		{8C98FCF2-AA59-30F9-984D-15FBA94309D4}.MinSizeRel|ARM.Build.0 = MinSizeRel|ARM
		{8C98FCF2-AA59-30F9-984D-15FBA94309D4}.RelWithDebInfo|ARM.ActiveCfg = RelWithDebInfo|ARM
		{8C98FCF2-AA59-30F9-984D-15FBA94309D4}.RelWithDebInfo|ARM.Build.0 = RelWithDebInfo|ARM
		{47E96B86-1708-3F1F-A41D-8510AADEB8B9}.Debug|ARM.ActiveCfg = Debug|ARM
		{47E96B86-1708-3F1F-A41D-8510AADEB8B9}.Debug|ARM.Build.0 = Debug|ARM
		{47E96B86-1708-3F1F-A41D-8510AADEB8B9}.Release|ARM.ActiveCfg = Release|ARM
		{47E96B86-1708-3F1F-A41D-8510AADEB8B9}.Release|ARM.Build.0 = Release|ARM
		{47E96B86-1708-3F1F-A41D-8510AADEB8B9}.MinSizeRel|ARM.ActiveCfg = MinSizeRel|ARM
		{47E96B86-1708-3F1F-A41D-8510AADEB8B9}.MinSizeRel|ARM.Build.0 = MinSizeRel|ARM
		{47E96B86-1708-3F1F-A41D-8510AADEB8B9}.RelWithDebInfo|ARM.ActiveCfg = RelWithDebInfo|ARM
		{47E96B86-1708-3F1F-A41D-8510AADEB8B9}.RelWithDebInfo|ARM.Build.0 = RelWithDebInfo|ARM
		{1399EFB4-11B4-3CE5-A3E4-23EE534074F3}.Debug|ARM.ActiveCfg = Debug|ARM
		{1399EFB4-11B4-3CE5-A3E4-23EE534074F3}.Debug|ARM.Build.0 = Debug|ARM
		{1399EFB4-11B4-3CE5-A3E4-23EE534074F3}.Release|ARM.ActiveCfg = Release|ARM
		{1399EFB4-11B4-3CE5-A3E4-23EE534074F3}.Release|ARM.Build.0 = Release|ARM
		{1399EFB4-11B4-3CE5-A3E4-23EE534074F3}.MinSizeRel|ARM.ActiveCfg = MinSizeRel|ARM
		{1399EFB4-11B4-3CE5-A3E4-23EE534074F3}.MinSizeRel|ARM.Build.0 = MinSizeRel|ARM
		{1399EFB4-11B4-3CE5-A3E4-23EE534074F3}.RelWithDebInfo|ARM.ActiveCfg = RelWithDebInfo|ARM
		{1399EFB4-11B4-3CE5-A3E4-23EE534074F3}.RelWithDebInfo|ARM.Build.0 = RelWithDebInfo|ARM
		{9D4F6D02-3EF6-3522-BF57-F353DA1C86EE}.Debug|ARM.ActiveCfg = Debug|ARM
		{9D4F6D02-3EF6-3522-BF57-F353DA1C86EE}.Debug|ARM.Build.0 = Debug|ARM
		{9D4F6D02-3EF6-3522-BF57-F353DA1C86EE}.Release|ARM.ActiveCfg = Release|ARM
		{9D4F6D02-3EF6-3522-BF57-F353DA1C86EE}.Release|ARM.Build.0 = Release|ARM
		{9D4F6D02-3EF6-3522-BF57-F353DA1C86EE}.MinSizeRel|ARM.ActiveCfg = MinSizeRel|ARM
		{9D4F6D02-3EF6-3522-BF57-F353DA1C86EE}.MinSizeRel|ARM.Build.0 = MinSizeRel|ARM
		{9D4F6D02-3EF6-3522-BF57-F353DA1C86EE}.RelWithDebInfo|ARM.ActiveCfg = RelWithDebInfo|ARM
		{9D4F6D02-3EF6-3522-BF57-F353DA1C86EE}.RelWithDebInfo|ARM.Build.0 = RelWithDebInfo|ARM
		{3D4A57C7-DEF8-3084-B186-101104489DE3}.Debug|ARM.ActiveCfg = Debug|ARM
		{3D4A57C7-DEF8-3084-B186-101104489DE3}.Debug|ARM.Build.0 = Debug|ARM
		{3D4A57C7-DEF8-3084-B186-101104489DE3}.Release|ARM.ActiveCfg = Release|ARM
		{3D4A57C7-DEF8-3084-B186-101104489DE3}.Release|ARM.Build.0 = Release|ARM
		{3D4A57C7-DEF8-3084-B186-101104489DE3}.MinSizeRel|ARM.ActiveCfg = MinSizeRel|ARM
		{3D4A57C7-DEF8-3084-B186-101104489DE3}.MinSizeRel|ARM.Build.0 = MinSizeRel|ARM
		{3D4A57C7-DEF8-3084-B186-101104489DE3}.RelWithDebInfo|ARM.ActiveCfg = RelWithDebInfo|ARM
		{3D4A57C7-DEF8-3084-B186-101104489DE3}.RelWithDebInfo|ARM.Build.0 = RelWithDebInfo|ARM
		{D023FEF0-2527-3239-BF10-E6FE55D42964}.Debug|ARM.ActiveCfg = Debug|ARM
		{D023FEF0-2527-3239-BF10-E6FE55D42964}.Debug|ARM.Build.0 = Debug|ARM
		{D023FEF0-2527-3239-BF10-E6FE55D42964}.Release|ARM.ActiveCfg = Release|ARM
		{D023FEF0-2527-3239-BF10-E6FE55D42964}.Release|ARM.Build.0 = Release|ARM
		{D023FEF0-2527-3239-BF10-E6FE55D42964}.MinSizeRel|ARM.ActiveCfg = MinSizeRel|ARM
		{D023FEF0-2527-3239-BF10-E6FE55D42964}.MinSizeRel|ARM.Build.0 = MinSizeRel|ARM
		{D023FEF0-2527-3239-BF10-E6FE55D42964}.RelWithDebInfo|ARM.ActiveCfg = RelWithDebInfo|ARM
		{D023FEF0-2527-3239-BF10-E6FE55D42964}.RelWithDebInfo|ARM.Build.0 = RelWithDebInfo|ARM
		{0707E1F7-8E7C-37E4-A7AE-4780050C5318}.Debug|ARM.ActiveCfg = Debug|ARM
		{0707E1F7-8E7C-37E4-A7AE-4780050C5318}.Debug|ARM.Build.0 = Debug|ARM
		{0707E1F7-8E7C-37E4-A7AE-4780050C5318}.Release|ARM.ActiveCfg = Release|ARM
		{0707E1F7-8E7C-37E4-A7AE-4780050C5318}.Release|ARM.Build.0 = Release|ARM
		{0707E1F7-8E7C-37E4-A7AE-4780050C5318}.MinSizeRel|ARM.ActiveCfg = MinSizeRel|ARM
		{0707E1F7-8E7C-37E4-A7AE-4780050C5318}.MinSizeRel|ARM.Build.0 = MinSizeRel|ARM
		{0707E1F7-8E7C-37E4-A7AE-4780050C5318}.RelWithDebInfo|ARM.ActiveCfg = RelWithDebInfo|ARM
		{0707E1F7-8E7C-37E4-A7AE-4780050C5318}.RelWithDebInfo|ARM.Build.0 = RelWithDebInfo|ARM
		{2EFD459B-B130-3940-BF3B-AC31B1967797}.Debug|ARM.ActiveCfg = Debug|ARM
		{2EFD459B-B130-3940-BF3B-AC31B1967797}.Debug|ARM.Build.0 = Debug|ARM
		{2EFD459B-B130-3940-BF3B-AC31B1967797}.Release|ARM.ActiveCfg = Release|ARM
		{2EFD459B-B130-3940-BF3B-AC31B1967797}.Release|ARM.Build.0 = Release|ARM
		{2EFD459B-B130-3940-BF3B-AC31B1967797}.MinSizeRel|ARM.ActiveCfg = MinSizeRel|ARM
		{2EFD459B-B130-3940-BF3B-AC31B1967797}.MinSizeRel|ARM.Build.0 = MinSizeRel|ARM
		{2EFD459B-B130-3940-BF3B-AC31B1967797}.RelWithDebInfo|ARM.ActiveCfg = RelWithDebInfo|ARM
		{2EFD459B-B130-3940-BF3B-AC31B1967797}.RelWithDebInfo|ARM.Build.0 = RelWithDebInfo|ARM
		{422B815C-EE4D-3BF7-AF7D-02BCE7F263FA}.Debug|ARM.ActiveCfg = Debug|ARM
		{422B815C-EE4D-3BF7-AF7D-02BCE7F263FA}.Debug|ARM.Build.0 = Debug|ARM
		{422B815C-EE4D-3BF7-AF7D-02BCE7F263FA}.Release|ARM.ActiveCfg = Release|ARM
		{422B815C-EE4D-3BF7-AF7D-02BCE7F263FA}.Release|ARM.Build.0 = Release|ARM
		{422B815C-EE4D-3BF7-AF7D-02BCE7F263FA}.MinSizeRel|ARM.ActiveCfg = MinSizeRel|ARM
		{422B815C-EE4D-3BF7-AF7D-02BCE7F263FA}.MinSizeRel|ARM.Build.0 = MinSizeRel|ARM
		{422B815C-EE4D-3BF7-AF7D-02BCE7F263FA}.RelWithDebInfo|ARM.ActiveCfg = RelWithDebInfo|ARM
		{422B815C-EE4D-3BF7-AF7D-02BCE7F263FA}.RelWithDebInfo|ARM.Build.0 = RelWithDebInfo|ARM
		{CBFBBE03-6D5D-3BFB-96AF-83448DF8370B}.Debug|ARM.ActiveCfg = Debug|ARM
		{CBFBBE03-6D5D-3BFB-96AF-83448DF8370B}.Debug|ARM.Build.0 = Debug|ARM
		{CBFBBE03-6D5D-3BFB-96AF-83448DF8370B}.Release|ARM.ActiveCfg = Release|ARM
		{CBFBBE03-6D5D-3BFB-96AF-83448DF8370B}.Release|ARM.Build.0 = Release|ARM
		{CBFBBE03-6D5D-3BFB-96AF-83448DF8370B}.MinSizeRel|ARM.ActiveCfg = MinSizeRel|ARM
		{CBFBBE03-6D5D-3BFB-96AF-83448DF8370B}.MinSizeRel|ARM.Build.0 = MinSizeRel|ARM
		{CBFBBE03-6D5D-3BFB-96AF-83448DF8370B}.RelWithDebInfo|ARM.ActiveCfg = RelWithDebInfo|ARM
		{CBFBBE03-6D5D-3BFB-96AF-83448DF8370B}.RelWithDebInfo|ARM.Build.0 = RelWithDebInfo|ARM
		{C4F633D1-11E1-359D-AD36-0D8874F5188A}.Debug|ARM.ActiveCfg = Debug|ARM
		{C4F633D1-11E1-359D-AD36-0D8874F5188A}.Debug|ARM.Build.0 = Debug|ARM
		{C4F633D1-11E1-359D-AD36-0D8874F5188A}.Release|ARM.ActiveCfg = Release|ARM
		{C4F633D1-11E1-359D-AD36-0D8874F5188A}.Release|ARM.Build.0 = Release|ARM
		{C4F633D1-11E1-359D-AD36-0D8874F5188A}.MinSizeRel|ARM.ActiveCfg = MinSizeRel|ARM
		{C4F633D1-11E1-359D-AD36-0D8874F5188A}.MinSizeRel|ARM.Build.0 = MinSizeRel|ARM
		{C4F633D1-11E1-359D-AD36-0D8874F5188A}.RelWithDebInfo|ARM.ActiveCfg = RelWithDebInfo|ARM
		{C4F633D1-11E1-359D-AD36-0D8874F5188A}.RelWithDebInfo|ARM.Build.0 = RelWithDebInfo|ARM
		{BAED7778-1064-3F5F-9E8B-D06C380DEC72}.Debug|ARM.ActiveCfg = Debug|ARM
		{BAED7778-1064-3F5F-9E8B-D06C380DEC72}.Debug|ARM.Build.0 = Debug|ARM
		{BAED7778-1064-3F5F-9E8B-D06C380DEC72}.Release|ARM.ActiveCfg = Release|ARM
		{BAED7778-1064-3F5F-9E8B-D06C380DEC72}.Release|ARM.Build.0 = Release|ARM
		{BAED7778-1064-3F5F-9E8B-D06C380DEC72}.MinSizeRel|ARM.ActiveCfg = MinSizeRel|ARM
		{BAED7778-1064-3F5F-9E8B-D06C380DEC72}.MinSizeRel|ARM.Build.0 = MinSizeRel|ARM
		{BAED7778-1064-3F5F-9E8B-D06C380DEC72}.RelWithDebInfo|ARM.ActiveCfg = RelWithDebInfo|ARM
		{BAED7778-1064-3F5F-9E8B-D06C380DEC72}.RelWithDebInfo|ARM.Build.0 = RelWithDebInfo|ARM
		{7DC94DCD-16FD-3579-8C46-4604FD402ED1}.Debug|ARM.ActiveCfg = Debug|ARM
		{7DC94DCD-16FD-3579-8C46-4604FD402ED1}.Debug|ARM.Build.0 = Debug|ARM
		{7DC94DCD-16FD-3579-8C46-4604FD402ED1}.Release|ARM.ActiveCfg = Release|ARM
		{7DC94DCD-16FD-3579-8C46-4604FD402ED1}.Release|ARM.Build.0 = Release|ARM
		{7DC94DCD-16FD-3579-8C46-4604FD402ED1}.MinSizeRel|ARM.ActiveCfg = MinSizeRel|ARM
		{7DC94DCD-16FD-3579-8C46-4604FD402ED1}.MinSizeRel|ARM.Build.0 = MinSizeRel|ARM
		{7DC94DCD-16FD-3579-8C46-4604FD402ED1}.RelWithDebInfo|ARM.ActiveCfg = RelWithDebInfo|ARM
		{7DC94DCD-16FD-3579-8C46-4604FD402ED1}.RelWithDebInfo|ARM.Build.0 = RelWithDebInfo|ARM
		{601534E8-E91E-3B54-BD71-A9824CE1725D}.Debug|ARM.ActiveCfg = Debug|ARM
		{601534E8-E91E-3B54-BD71-A9824CE1725D}.Debug|ARM.Build.0 = Debug|ARM
		{601534E8-E91E-3B54-BD71-A9824CE1725D}.Release|ARM.ActiveCfg = Release|ARM
		{601534E8-E91E-3B54-BD71-A9824CE1725D}.Release|ARM.Build.0 = Release|ARM
		{601534E8-E91E-3B54-BD71-A9824CE1725D}.MinSizeRel|ARM.ActiveCfg = MinSizeRel|ARM
		{601534E8-E91E-3B54-BD71-A9824CE1725D}.MinSizeRel|ARM.Build.0 = MinSizeRel|ARM
		{601534E8-E91E-3B54-BD71-A9824CE1725D}.RelWithDebInfo|ARM.ActiveCfg = RelWithDebInfo|ARM
		{601534E8-E91E-3B54-BD71-A9824CE1725D}.RelWithDebInfo|ARM.Build.0 = RelWithDebInfo|ARM
		{8231F823-D6B1-3932-A064-734D8947A628}.Debug|ARM.ActiveCfg = Debug|ARM
		{8231F823-D6B1-3932-A064-734D8947A628}.Debug|ARM.Build.0 = Debug|ARM
		{8231F823-D6B1-3932-A064-734D8947A628}.Release|ARM.ActiveCfg = Release|ARM
		{8231F823-D6B1-3932-A064-734D8947A628}.Release|ARM.Build.0 = Release|ARM
		{8231F823-D6B1-3932-A064-734D8947A628}.MinSizeRel|ARM.ActiveCfg = MinSizeRel|ARM
		{8231F823-D6B1-3932-A064-734D8947A628}.MinSizeRel|ARM.Build.0 = MinSizeRel|ARM
		{8231F823-D6B1-3932-A064-734D8947A628}.RelWithDebInfo|ARM.ActiveCfg = RelWithDebInfo|ARM
		{8231F823-D6B1-3932-A064-734D8947A628}.RelWithDebInfo|ARM.Build.0 = RelWithDebInfo|ARM
	EndGlobalSection
	GlobalSection(NestedProjects) = preSolution
		{0160DD46-505F-3421-A7A3-54FEBAD367B0} = {8109F5FE-DB84-3CCC-ADA5-C1D759D7957A}
		{889E753F-62DC-3E8F-B306-7DE8AA559382} = {8109F5FE-DB84-3CCC-ADA5-C1D759D7957A}
		{8C98FCF2-AA59-30F9-984D-15FBA94309D4} = {8109F5FE-DB84-3CCC-ADA5-C1D759D7957A}
		{47E96B86-1708-3F1F-A41D-8510AADEB8B9} = {8109F5FE-DB84-3CCC-ADA5-C1D759D7957A}
		{2EFD459B-B130-3940-BF3B-AC31B1967797} = {8109F5FE-DB84-3CCC-ADA5-C1D759D7957A}
		{422B815C-EE4D-3BF7-AF7D-02BCE7F263FA} = {8109F5FE-DB84-3CCC-ADA5-C1D759D7957A}
		{C4F633D1-11E1-359D-AD36-0D8874F5188A} = {8109F5FE-DB84-3CCC-ADA5-C1D759D7957A}
		{09978A48-0EEB-381F-8BCA-0E7D98AC555D} = {10E556AA-18F8-347C-852F-4293F6FD0328}
		{172F5007-1FB0-3569-914C-9331B6055149} = {10E556AA-18F8-347C-852F-4293F6FD0328}
		{38E4FEE4-6C88-3DE3-9568-B38611843EB0} = {59231D22-7DDD-35EB-9A33-05DB00BCD7A0}
		{6A87535D-A5C8-37D4-BFDA-822C52D2646C} = {59231D22-7DDD-35EB-9A33-05DB00BCD7A0}
		{F0920087-4E49-3B86-9A11-1B2733F7E188} = {59231D22-7DDD-35EB-9A33-05DB00BCD7A0}
		{9D4F6D02-3EF6-3522-BF57-F353DA1C86EE} = {59231D22-7DDD-35EB-9A33-05DB00BCD7A0}
		{3D4A57C7-DEF8-3084-B186-101104489DE3} = {59231D22-7DDD-35EB-9A33-05DB00BCD7A0}
		{D023FEF0-2527-3239-BF10-E6FE55D42964} = {59231D22-7DDD-35EB-9A33-05DB00BCD7A0}
		{CBFBBE03-6D5D-3BFB-96AF-83448DF8370B} = {59231D22-7DDD-35EB-9A33-05DB00BCD7A0}
		{7DC94DCD-16FD-3579-8C46-4604FD402ED1} = {59231D22-7DDD-35EB-9A33-05DB00BCD7A0}
		{601534E8-E91E-3B54-BD71-A9824CE1725D} = {59231D22-7DDD-35EB-9A33-05DB00BCD7A0}
		{BAED7778-1064-3F5F-9E8B-D06C380DEC72} = {AB761217-CD2D-36E1-9775-401DAD8C43FE}
		{29BDA24A-F1B5-38BB-8622-A0406CF1A39C} = {18B49A39-0C6E-3290-B502-BEC50AE143A3}
		{8231F823-D6B1-3932-A064-734D8947A628} = {18B49A39-0C6E-3290-B502-BEC50AE143A3}
	EndGlobalSection
	GlobalSection(ExtensibilityGlobals) = postSolution
		SolutionGuid = {85063C3E-4AA0-3CAC-8618-8DD4BA58EF0A}
	EndGlobalSection
	GlobalSection(ExtensibilityAddIns) = postSolution
	EndGlobalSection
EndGlobal
