<?xml version="1.0" encoding="utf-8"?>
<Project ToolsVersion="17.0" xmlns="http://schemas.microsoft.com/developer/msbuild/2003">
  <ItemGroup>
    <CustomBuild Include="C:\kodi-build-wp\CMakeFiles\67a497ad27785609b8dcb7b8ce489114\libdvdread-mkdir.rule">
      <Filter>CMake Rules</Filter>
    </CustomBuild>
    <CustomBuild Include="C:\kodi-build-wp\CMakeFiles\67a497ad27785609b8dcb7b8ce489114\libdvdread-download.rule">
      <Filter>CMake Rules</Filter>
    </CustomBuild>
    <CustomBuild Include="C:\kodi-build-wp\CMakeFiles\67a497ad27785609b8dcb7b8ce489114\libdvdread-update.rule">
      <Filter>CMake Rules</Filter>
    </CustomBuild>
    <CustomBuild Include="C:\kodi-build-wp\CMakeFiles\67a497ad27785609b8dcb7b8ce489114\libdvdread-patch.rule">
      <Filter>CMake Rules</Filter>
    </CustomBuild>
    <CustomBuild Include="C:\kodi-build-wp\CMakeFiles\67a497ad27785609b8dcb7b8ce489114\libdvdread-configure.rule">
      <Filter>CMake Rules</Filter>
    </CustomBuild>
    <CustomBuild Include="C:\kodi-build-wp\CMakeFiles\67a497ad27785609b8dcb7b8ce489114\libdvdread-build.rule">
      <Filter>CMake Rules</Filter>
    </CustomBuild>
    <CustomBuild Include="C:\kodi-build-wp\CMakeFiles\67a497ad27785609b8dcb7b8ce489114\libdvdread-install.rule">
      <Filter>CMake Rules</Filter>
    </CustomBuild>
    <CustomBuild Include="C:\kodi-build-wp\CMakeFiles\daa2b9388ea02eb65b0546974eb077a4\libdvdread-complete.rule">
      <Filter>CMake Rules</Filter>
    </CustomBuild>
    <CustomBuild Include="C:\kodi-build-wp\CMakeFiles\8dd12047556b47b826235f7a595b5904\libdvdread.rule">
      <Filter>CMake Rules</Filter>
    </CustomBuild>
    <CustomBuild Include="C:\kodi\CMakeLists.txt" />
  </ItemGroup>
  <ItemGroup>
    <None Include="C:\kodi-build-wp\CMakeFiles\libdvdread" />
  </ItemGroup>
  <ItemGroup>
    <Filter Include="CMake Rules">
      <UniqueIdentifier>{B43CD052-A5F7-3415-B01A-6FE8CB1267E7}</UniqueIdentifier>
    </Filter>
  </ItemGroup>
</Project>
